# This file is generated by running "yarn install" inside your project.
# Manual changes might be lost - proceed with caution!

__metadata:
  version: 9
  cacheKey: 10c0

"@isaacs/fs-minipass@npm:^4.0.0":
  version: 4.0.1
  resolution: "@isaacs/fs-minipass@npm:4.0.1"
  dependencies:
    minipass: "npm:^7.0.4"
  languageName: node
  linkType: hard

"yarn-berry-missing-hashes@workspace:.":
  version: 0.0.0-use.local
  resolution: "yarn-berry-missing-hashes@workspace:."
  dependencies:
    iconv-corefoundation: "npm:^1.1.7"
  languageName: unknown
  linkType: soft
